// !$*UTF8*$!
{
	archiveVersion = 1;
	classes = {
	};
	objectVersion = 48;
	objects = {

/* Begin PBXBuildFile section */
		232107401FB9DF9300F4B0B4 /* AppDelegate.swift in Sources */ = {isa = PBXBuildFile; fileRef = 2321073F1FB9DF9300F4B0B4 /* AppDelegate.swift */; };
		232107421FB9DF9300F4B0B4 /* ViewController.swift in Sources */ = {isa = PBXBuildFile; fileRef = 232107411FB9DF9300F4B0B4 /* ViewController.swift */; };
		232107451FB9DF9300F4B0B4 /* Main.storyboard in Resources */ = {isa = PBXBuildFile; fileRef = 232107431FB9DF9300F4B0B4 /* Main.storyboard */; };
		232107471FB9DF9300F4B0B4 /* Assets.xcassets in Resources */ = {isa = PBXBuildFile; fileRef = 232107461FB9DF9300F4B0B4 /* Assets.xcassets */; };
		2321074A1FB9DF9300F4B0B4 /* LaunchScreen.storyboard in Resources */ = {isa = PBXBuildFile; fileRef = 232107481FB9DF9300F4B0B4 /* LaunchScreen.storyboard */; };
/* End PBXBuildFile section */

/* Begin PBXFileReference section */
		2321073C1FB9DF9300F4B0B4 /* MagicalGrid.app */ = {isa = PBXFileReference; explicitFileType = wrapper.application; includeInIndex = 0; path = MagicalGrid.app; sourceTree = BUILT_PRODUCTS_DIR; };
		2321073F1FB9DF9300F4B0B4 /* AppDelegate.swift */ = {isa = PBXFileReference; lastKnownFileType = sourcecode.swift; path = AppDelegate.swift; sourceTree = "<group>"; };
		232107411FB9DF9300F4B0B4 /* ViewController.swift */ = {isa = PBXFileReference; lastKnownFileType = sourcecode.swift; path = ViewController.swift; sourceTree = "<group>"; };
		232107441FB9DF9300F4B0B4 /* Base */ = {isa = PBXFileReference; lastKnownFileType = file.storyboard; name = Base; path = Base.lproj/Main.storyboard; sourceTree = "<group>"; };
		232107461FB9DF9300F4B0B4 /* Assets.xcassets */ = {isa = PBXFileReference; lastKnownFileType = folder.assetcatalog; path = Assets.xcassets; sourceTree = "<group>"; };
		232107491FB9DF9300F4B0B4 /* Base */ = {isa = PBXFileReference; lastKnownFileType = file.storyboard; name = Base; path = Base.lproj/LaunchScreen.storyboard; sourceTree = "<group>"; };
		2321074B1FB9DF9300F4B0B4 /* Info.plist */ = {isa = PBXFileReference; lastKnownFileType = text.plist.xml; path = Info.plist; sourceTree = "<group>"; };
/* End PBXFileReference section */

/* Begin PBXFrameworksBuildPhase section */
		232107391FB9DF9300F4B0B4 /* Frameworks */ = {
			isa = PBXFrameworksBuildPhase;
			buildActionMask = 2147483647;
			files = (
			);
			runOnlyForDeploymentPostprocessing = 0;
		};
/* End PBXFrameworksBuildPhase section */

/* Begin PBXGroup section */
		232107331FB9DF9300F4B0B4 = {
			isa = PBXGroup;
			children = (
				2321073E1FB9DF9300F4B0B4 /* MagicalGrid */,
				2321073D1FB9DF9300F4B0B4 /* Products */,
			);
			sourceTree = "<group>";
		};
		2321073D1FB9DF9300F4B0B4 /* Products */ = {
			isa = PBXGroup;
			children = (
				2321073C1FB9DF9300F4B0B4 /* MagicalGrid.app */,
			);
			name = Products;
			sourceTree = "<group>";
		};
		2321073E1FB9DF9300F4B0B4 /* MagicalGrid */ = {
			isa = PBXGroup;
			children = (
				2321073F1FB9DF9300F4B0B4 /* AppDelegate.swift */,
				232107411FB9DF9300F4B0B4 /* ViewController.swift */,
				232107431FB9DF9300F4B0B4 /* Main.storyboard */,
				232107461FB9DF9300F4B0B4 /* Assets.xcassets */,
				232107481FB9DF9300F4B0B4 /* LaunchScreen.storyboard */,
				2321074B1FB9DF9300F4B0B4 /* Info.plist */,
			);
			path = MagicalGrid;
			sourceTree = "<group>";
		};
/* End PBXGroup section */

/* Begin PBXNativeTarget section */
		2321073B1FB9DF9300F4B0B4 /* MagicalGrid */ = {
			isa = PBXNativeTarget;
			buildConfigurationList = 2321074E1FB9DF9300F4B0B4 /* Build configuration list for PBXNativeTarget "MagicalGrid" */;
			buildPhases = (
				232107381FB9DF9300F4B0B4 /* Sources */,
				232107391FB9DF9300F4B0B4 /* Frameworks */,
				2321073A1FB9DF9300F4B0B4 /* Resources */,
			);
			buildRules = (
			);
			dependencies = (
			);
			name = MagicalGrid;
			productName = MagicalGrid;
			productReference = 2321073C1FB9DF9300F4B0B4 /* MagicalGrid.app */;
			productType = "com.apple.product-type.application";
		};
/* End PBXNativeTarget section */

/* Begin PBXProject section */
		232107341FB9DF9300F4B0B4 /* Project object */ = {
			isa = PBXProject;
			attributes = {
				LastSwiftUpdateCheck = 0910;
				LastUpgradeCheck = 0910;
				ORGANIZATIONNAME = "Dai Tran";
				TargetAttributes = {
					2321073B1FB9DF9300F4B0B4 = {
						CreatedOnToolsVersion = 9.1;
						ProvisioningStyle = Automatic;
					};
				};
			};
			buildConfigurationList = 232107371FB9DF9300F4B0B4 /* Build configuration list for PBXProject "MagicalGrid" */;
			compatibilityVersion = "Xcode 8.0";
			developmentRegion = en;
			hasScannedForEncodings = 0;
			knownRegions = (
				en,
				Base,
			);
			mainGroup = 232107331FB9DF9300F4B0B4;
			productRefGroup = 2321073D1FB9DF9300F4B0B4 /* Products */;
			projectDirPath = "";
			projectRoot = "";
			targets = (
				2321073B1FB9DF9300F4B0B4 /* MagicalGrid */,
			);
		};
/* End PBXProject section */

/* Begin PBXResourcesBuildPhase section */
		2321073A1FB9DF9300F4B0B4 /* Resources */ = {
			isa = PBXResourcesBuildPhase;
			buildActionMask = 2147483647;
			files = (
				2321074A1FB9DF9300F4B0B4 /* LaunchScreen.storyboard in Resources */,
				232107471FB9DF9300F4B0B4 /* Assets.xcassets in Resources */,
				232107451FB9DF9300F4B0B4 /* Main.storyboard in Resources */,
			);
			runOnlyForDeploymentPostprocessing = 0;
		};
/* End PBXResourcesBuildPhase section */

/* Begin PBXSourcesBuildPhase section */
		232107381FB9DF9300F4B0B4 /* Sources */ = {
			isa = PBXSourcesBuildPhase;
			buildActionMask = 2147483647;
			files = (
				232107421FB9DF9300F4B0B4 /* ViewController.swift in Sources */,
				232107401FB9DF9300F4B0B4 /* AppDelegate.swift in Sources */,
			);
			runOnlyForDeploymentPostprocessing = 0;
		};
/* End PBXSourcesBuildPhase section */

/* Begin PBXVariantGroup section */
		232107431FB9DF9300F4B0B4 /* Main.storyboard */ = {
			isa = PBXVariantGroup;
			children = (
				232107441FB9DF9300F4B0B4 /* Base */,
			);
			name = Main.storyboard;
			sourceTree = "<group>";
		};
		232107481FB9DF9300F4B0B4 /* LaunchScreen.storyboard */ = {
			isa = PBXVariantGroup;
			children = (
				232107491FB9DF9300F4B0B4 /* Base */,
			);
			name = LaunchScreen.storyboard;
			sourceTree = "<group>";
		};
/* End PBXVariantGroup section */

/* Begin XCBuildConfiguration section */
		2321074C1FB9DF9300F4B0B4 /* Debug */ = {
			isa = XCBuildConfiguration;
			buildSettings = {
				ALWAYS_SEARCH_USER_PATHS = NO;
				CLANG_ANALYZER_NONNULL = YES;
				CLANG_ANALYZER_NUMBER_OBJECT_CONVERSION = YES_AGGRESSIVE;
				CLANG_CXX_LANGUAGE_STANDARD = "gnu++14";
				CLANG_CXX_LIBRARY = "libc++";
				CLANG_ENABLE_MODULES = YES;
				CLANG_ENABLE_OBJC_ARC = YES;
				CLANG_WARN_BLOCK_CAPTURE_AUTORELEASING = YES;
				CLANG_WARN_BOOL_CONVERSION = YES;
				CLANG_WARN_COMMA = YES;
				CLANG_WARN_CONSTANT_CONVERSION = YES;
				CLANG_WARN_DIRECT_OBJC_ISA_USAGE = YES_ERROR;
				CLANG_WARN_DOCUMENTATION_COMMENTS = YES;
				CLANG_WARN_EMPTY_BODY = YES;
				CLANG_WARN_ENUM_CONVERSION = YES;
				CLANG_WARN_INFINITE_RECURSION = YES;
				CLANG_WARN_INT_CONVERSION = YES;
				CLANG_WARN_NON_LITERAL_NULL_CONVERSION = YES;
				CLANG_WARN_OBJC_LITERAL_CONVERSION = YES;
				CLANG_WARN_OBJC_ROOT_CLASS = YES_ERROR;
				CLANG_WARN_RANGE_LOOP_ANALYSIS = YES;
				CLANG_WARN_STRICT_PROTOTYPES = YES;
				CLANG_WARN_SUSPICIOUS_MOVE = YES;
				CLANG_WARN_UNGUARDED_AVAILABILITY = YES_AGGRESSIVE;
				CLANG_WARN_UNREACHABLE_CODE = YES;
				CLANG_WARN__DUPLICATE_METHOD_MATCH = YES;
				CODE_SIGN_IDENTITY = "iPhone Developer";
				COPY_PHASE_STRIP = NO;
				DEBUG_INFORMATION_FORMAT = dwarf;
				ENABLE_STRICT_OBJC_MSGSEND = YES;
				ENABLE_TESTABILITY = YES;
				GCC_C_LANGUAGE_STANDARD = gnu11;
				GCC_DYNAMIC_NO_PIC = NO;
				GCC_NO_COMMON_BLOCKS = YES;
				GCC_OPTIMIZATION_LEVEL = 0;
				GCC_PREPROCESSOR_DEFINITIONS = (
					"DEBUG=1",
					"$(inherited)",
				);
				GCC_WARN_64_TO_32_BIT_CONVERSION = YES;
				GCC_WARN_ABOUT_RETURN_TYPE = YES_ERROR;
				GCC_WARN_UNDECLARED_SELECTOR = YES;
				GCC_WARN_UNINITIALIZED_AUTOS = YES_AGGRESSIVE;
				GCC_WARN_UNUSED_FUNCTION = YES;
				GCC_WARN_UNUSED_VARIABLE = YES;
				IPHONEOS_DEPLOYMENT_TARGET = 11.1;
				MTL_ENABLE_DEBUG_INFO = YES;
				ONLY_ACTIVE_ARCH = YES;
				SDKROOT = iphoneos;
				SWIFT_ACTIVE_COMPILATION_CONDITIONS = DEBUG;
				SWIFT_OPTIMIZATION_LEVEL = "-Onone";
			};
			name = Debug;
		};
		2321074D1FB9DF9300F4B0B4 /* Release */ = {
			isa = XCBuildConfiguration;
			buildSettings = {
				ALWAYS_SEARCH_USER_PATHS = NO;
				CLANG_ANALYZER_NONNULL = YES;
				CLANG_ANALYZER_NUMBER_OBJECT_CONVERSION = YES_AGGRESSIVE;
				CLANG_CXX_LANGUAGE_STANDARD = "gnu++14";
				CLANG_CXX_LIBRARY = "libc++";
				CLANG_ENABLE_MODULES = YES;
				CLANG_ENABLE_OBJC_ARC = YES;
				CLANG_WARN_BLOCK_CAPTURE_AUTORELEASING = YES;
				CLANG_WARN_BOOL_CONVERSION = YES;
				CLANG_WARN_COMMA = YES;
				CLANG_WARN_CONSTANT_CONVERSION = YES;
				CLANG_WARN_DIRECT_OBJC_ISA_USAGE = YES_ERROR;
				CLANG_WARN_DOCUMENTATION_COMMENTS = YES;
				CLANG_WARN_EMPTY_BODY = YES;
				CLANG_WARN_ENUM_CONVERSION = YES;
				CLANG_WARN_INFINITE_RECURSION = YES;
				CLANG_WARN_INT_CONVERSION = YES;
				CLANG_WARN_NON_LITERAL_NULL_CONVERSION = YES;
				CLANG_WARN_OBJC_LITERAL_CONVERSION = YES;
				CLANG_WARN_OBJC_ROOT_CLASS = YES_ERROR;
				CLANG_WARN_RANGE_LOOP_ANALYSIS = YES;
				CLANG_WARN_STRICT_PROTOTYPES = YES;
				CLANG_WARN_SUSPICIOUS_MOVE = YES;
				CLANG_WARN_UNGUARDED_AVAILABILITY = YES_AGGRESSIVE;
				CLANG_WARN_UNREACHABLE_CODE = YES;
				CLANG_WARN__DUPLICATE_METHOD_MATCH = YES;
				CODE_SIGN_IDENTITY = "iPhone Developer";
				COPY_PHASE_STRIP = NO;
				DEBUG_INFORMATION_FORMAT = "dwarf-with-dsym";
				ENABLE_NS_ASSERTIONS = NO;
				ENABLE_STRICT_OBJC_MSGSEND = YES;
				GCC_C_LANGUAGE_STANDARD = gnu11;
				GCC_NO_COMMON_BLOCKS = YES;
				GCC_WARN_64_TO_32_BIT_CONVERSION = YES;
				GCC_WARN_ABOUT_RETURN_TYPE = YES_ERROR;
				GCC_WARN_UNDECLARED_SELECTOR = YES;
				GCC_WARN_UNINITIALIZED_AUTOS = YES_AGGRESSIVE;
				GCC_WARN_UNUSED_FUNCTION = YES;
				GCC_WARN_UNUSED_VARIABLE = YES;
				IPHONEOS_DEPLOYMENT_TARGET = 11.1;
				MTL_ENABLE_DEBUG_INFO = NO;
				SDKROOT = iphoneos;
				SWIFT_OPTIMIZATION_LEVEL = "-Owholemodule";
				VALIDATE_PRODUCT = YES;
			};
			name = Release;
		};
		2321074F1FB9DF9300F4B0B4 /* Debug */ = {
			isa = XCBuildConfiguration;
			buildSettings = {
				ASSETCATALOG_COMPILER_APPICON_NAME = AppIcon;
				CODE_SIGN_STYLE = Automatic;
				DEVELOPMENT_TEAM = B8SW848K42;
				INFOPLIST_FILE = MagicalGrid/Info.plist;
				IPHONEOS_DEPLOYMENT_TARGET = 9.0;
				LD_RUNPATH_SEARCH_PATHS = "$(inherited) @executable_path/Frameworks";
				PRODUCT_BUNDLE_IDENTIFIER = com.DaiTranDev.MagicalGrid;
				PRODUCT_NAME = "$(TARGET_NAME)";
				SWIFT_VERSION = 4.0;
				TARGETED_DEVICE_FAMILY = "1,2";
			};
			name = Debug;
		};
		232107501FB9DF9300F4B0B4 /* Release */ = {
			isa = XCBuildConfiguration;
			buildSettings = {
				ASSETCATALOG_COMPILER_APPICON_NAME = AppIcon;
				CODE_SIGN_STYLE = Automatic;
				DEVELOPMENT_TEAM = B8SW848K42;
				INFOPLIST_FILE = MagicalGrid/Info.plist;
				IPHONEOS_DEPLOYMENT_TARGET = 9.0;
				LD_RUNPATH_SEARCH_PATHS = "$(inherited) @executable_path/Frameworks";
				PRODUCT_BUNDLE_IDENTIFIER = com.DaiTranDev.MagicalGrid;
				PRODUCT_NAME = "$(TARGET_NAME)";
				SWIFT_VERSION = 4.0;
				TARGETED_DEVICE_FAMILY = "1,2";
			};
			name = Release;
		};
/* End XCBuildConfiguration section */

/* Begin XCConfigurationList section */
		232107371FB9DF9300F4B0B4 /* Build configuration list for PBXProject "MagicalGrid" */ = {
			isa = XCConfigurationList;
			buildConfigurations = (
				2321074C1FB9DF9300F4B0B4 /* Debug */,
				2321074D1FB9DF9300F4B0B4 /* Release */,
			);
			defaultConfigurationIsVisible = 0;
			defaultConfigurationName = Release;
		};
		2321074E1FB9DF9300F4B0B4 /* Build configuration list for PBXNativeTarget "MagicalGrid" */ = {
			isa = XCConfigurationList;
			buildConfigurations = (
				2321074F1FB9DF9300F4B0B4 /* Debug */,
				232107501FB9DF9300F4B0B4 /* Release */,
			);
			defaultConfigurationIsVisible = 0;
			defaultConfigurationName = Release;
		};
/* End XCConfigurationList section */
	};
	rootObject = 232107341FB9DF9300F4B0B4 /* Project object */;
}
